
Microsoft Visual Studio Solution File, Format Version 12.00
# Visual Studio Version 16
VisualStudioVersion = 16.0.29209.152
MinimumVisualStudioVersion = 10.0.40219.1
Project("{FAE04EC0-301F-11D3-BF4B-00C04F79EFBC}") = "SetIP", "SetIP\SetIP.csproj", "{F84404D1-7C1C-44FD-B293-E853A01AC351}"
EndProject
Project("{FAE04EC0-301F-11D3-BF4B-00C04F79EFBC}") = "SetIP_WPF", "SetIP_WPF\SetIP_WPF.csproj", "{7235D254-FDEA-4839-A73F-FF5E272D3F4E}"
EndProject
Project("{9A19103F-16F7-4668-BE54-9A1E7A4F7556}") = "SetIP_WPF.Core", "SetIP_WPF.Core\SetIP_WPF.Core.csproj", "{7F6F39CB-7C43-4FDD-B45E-FDA906FE3FEE}"
EndProject
Global
	GlobalSection(SolutionConfigurationPlatforms) = preSolution
		Debug|Any CPU = Debug|Any CPU
		Release|Any CPU = Release|Any CPU
	EndGlobalSection
	GlobalSection(ProjectConfigurationPlatforms) = postSolution
		{F84404D1-7C1C-44FD-B293-E853A01AC351}.Debug|Any CPU.ActiveCfg = Debug|Any CPU
		{F84404D1-7C1C-44FD-B293-E853A01AC351}.Debug|Any CPU.Build.0 = Debug|Any CPU
		{F84404D1-7C1C-44FD-B293-E853A01AC351}.Release|Any CPU.ActiveCfg = Release|Any CPU
		{F84404D1-7C1C-44FD-B293-E853A01AC351}.Release|Any CPU.Build.0 = Release|Any CPU
		{7235D254-FDEA-4839-A73F-FF5E272D3F4E}.Debug|Any CPU.ActiveCfg = Debug|Any CPU
		{7235D254-FDEA-4839-A73F-FF5E272D3F4E}.Debug|Any CPU.Build.0 = Debug|Any CPU
		{7235D254-FDEA-4839-A73F-FF5E272D3F4E}.Release|Any CPU.ActiveCfg = Release|Any CPU
		{7235D254-FDEA-4839-A73F-FF5E272D3F4E}.Release|Any CPU.Build.0 = Release|Any CPU
		{7F6F39CB-7C43-4FDD-B45E-FDA906FE3FEE}.Debug|Any CPU.ActiveCfg = Debug|Any CPU
		{7F6F39CB-7C43-4FDD-B45E-FDA906FE3FEE}.Debug|Any CPU.Build.0 = Debug|Any CPU
		{7F6F39CB-7C43-4FDD-B45E-FDA906FE3FEE}.Release|Any CPU.ActiveCfg = Release|Any CPU
		{7F6F39CB-7C43-4FDD-B45E-FDA906FE3FEE}.Release|Any CPU.Build.0 = Release|Any CPU
	EndGlobalSection
	GlobalSection(SolutionProperties) = preSolution
		HideSolutionNode = FALSE
	EndGlobalSection
	GlobalSection(ExtensibilityGlobals) = postSolution
		SolutionGuid = {CBE0445D-2B8C-4E6A-ACD0-5AA4B6024D27}
	EndGlobalSection
EndGlobal
